
Microsoft Visual Studio Solution File, Format Version 12.00
# Visual Studio Version 17
VisualStudioVersion = 17.4.33213.308
MinimumVisualStudioVersion = 10.0.40219.1
Project("{FAE04EC0-301F-11D3-BF4B-00C04F79EFBC}") = "WEbAPINewsStory", "WEbAPINewsStory\WEbAPINewsStory.csproj", "{CEA6D2F5-1A24-4B3A-AF6C-CC13815A8C8B}"
EndProject
Global
	GlobalSection(SolutionConfigurationPlatforms) = preSolution
		Debug|Any CPU = Debug|Any CPU
		Release|Any CPU = Release|Any CPU
	EndGlobalSection
	GlobalSection(ProjectConfigurationPlatforms) = postSolution
		{CEA6D2F5-1A24-4B3A-AF6C-CC13815A8C8B}.Debug|Any CPU.ActiveCfg = Debug|Any CPU
		{CEA6D2F5-1A24-4B3A-AF6C-CC13815A8C8B}.Debug|Any CPU.Build.0 = Debug|Any CPU
		{CEA6D2F5-1A24-4B3A-AF6C-CC13815A8C8B}.Release|Any CPU.ActiveCfg = Release|Any CPU
		{CEA6D2F5-1A24-4B3A-AF6C-CC13815A8C8B}.Release|Any CPU.Build.0 = Release|Any CPU
	EndGlobalSection
	GlobalSection(SolutionProperties) = preSolution
		HideSolutionNode = FALSE
	EndGlobalSection
	GlobalSection(ExtensibilityGlobals) = postSolution
		SolutionGuid = {5E69E3F8-C329-47DA-A66C-E09DA53EB91D}
	EndGlobalSection
EndGlobal
